
Microsoft Visual Studio Solution File, Format Version 12.00
# Visual Studio Version 17
VisualStudioVersion = 17.11.35222.181
MinimumVisualStudioVersion = 10.0.40219.1
Project("{9A19103F-16F7-4668-BE54-9A1E7A4F7556}") = "SdtdLiveReloader", "SdtdLiveReloader\SdtdLiveReloader.csproj", "{DA401419-CA7B-4E3A-A5E6-30F821E46FA8}"
EndProject
Global
	GlobalSection(SolutionConfigurationPlatforms) = preSolution
		Debug|Any CPU = Debug|Any CPU
		Release|Any CPU = Release|Any CPU
	EndGlobalSection
	GlobalSection(ProjectConfigurationPlatforms) = postSolution
		{DA401419-CA7B-4E3A-A5E6-30F821E46FA8}.Debug|Any CPU.ActiveCfg = Debug|Any CPU
		{DA401419-CA7B-4E3A-A5E6-30F821E46FA8}.Debug|Any CPU.Build.0 = Debug|Any CPU
		{DA401419-CA7B-4E3A-A5E6-30F821E46FA8}.Release|Any CPU.ActiveCfg = Release|Any CPU
		{DA401419-CA7B-4E3A-A5E6-30F821E46FA8}.Release|Any CPU.Build.0 = Release|Any CPU
	EndGlobalSection
	GlobalSection(SolutionProperties) = preSolution
		HideSolutionNode = FALSE
	EndGlobalSection
	GlobalSection(ExtensibilityGlobals) = postSolution
		SolutionGuid = {6BDF5047-7DA7-46DA-AD18-B7B77D668833}
	EndGlobalSection
EndGlobal
